
Microsoft Visual Studio Solution File, Format Version 12.00
# Visual Studio Version 17
VisualStudioVersion = 17.6.33723.286
MinimumVisualStudioVersion = 10.0.40219.1
Project("{FAE04EC0-301F-11D3-BF4B-00C04F79EFBC}") = "cprofHomeWork4", "cprofHomeWork4.csproj", "{8AE1116E-2B53-4B4F-8D6C-7EF82FFE91A7}"
EndProject
Global
	GlobalSection(SolutionConfigurationPlatforms) = preSolution
		Debug|Any CPU = Debug|Any CPU
		Release|Any CPU = Release|Any CPU
	EndGlobalSection
	GlobalSection(ProjectConfigurationPlatforms) = postSolution
		{8AE1116E-2B53-4B4F-8D6C-7EF82FFE91A7}.Debug|Any CPU.ActiveCfg = Debug|Any CPU
		{8AE1116E-2B53-4B4F-8D6C-7EF82FFE91A7}.Debug|Any CPU.Build.0 = Debug|Any CPU
		{8AE1116E-2B53-4B4F-8D6C-7EF82FFE91A7}.Release|Any CPU.ActiveCfg = Release|Any CPU
		{8AE1116E-2B53-4B4F-8D6C-7EF82FFE91A7}.Release|Any CPU.Build.0 = Release|Any CPU
	EndGlobalSection
	GlobalSection(SolutionProperties) = preSolution
		HideSolutionNode = FALSE
	EndGlobalSection
	GlobalSection(ExtensibilityGlobals) = postSolution
		SolutionGuid = {3E00AC34-93FB-4E8B-8B18-11D2E2C8E055}
	EndGlobalSection
EndGlobal
